// !$*UTF8*$!
{
	archiveVersion = 1;
	classes = {
	};
	objectVersion = 56;
	objects = {

/* Begin PBXBuildFile section */
		E000273929BCD48C0015F00D /* LandmarksApp.swift in Sources */ = {isa = PBXBuildFile; fileRef = E000273829BCD48C0015F00D /* LandmarksApp.swift */; };
		E000273D29BCD48D0015F00D /* Assets.xcassets in Resources */ = {isa = PBXBuildFile; fileRef = E000273C29BCD48D0015F00D /* Assets.xcassets */; };
		E000274029BCD48D0015F00D /* Preview Assets.xcassets in Resources */ = {isa = PBXBuildFile; fileRef = E000273F29BCD48D0015F00D /* Preview Assets.xcassets */; };
		E000274729BCDA570015F00D /* CircleImage.swift in Sources */ = {isa = PBXBuildFile; fileRef = E000274629BCDA570015F00D /* CircleImage.swift */; };
		E000274929BCDBD40015F00D /* MapView.swift in Sources */ = {isa = PBXBuildFile; fileRef = E000274829BCDBD40015F00D /* MapView.swift */; };
		E011F7E129BDFD50007D0461 /* landmarkData.json in Resources */ = {isa = PBXBuildFile; fileRef = E011F7E029BDFD50007D0461 /* landmarkData.json */; };
		E011F7E329BDFD7A007D0461 /* Landmark.swift in Sources */ = {isa = PBXBuildFile; fileRef = E011F7E229BDFD7A007D0461 /* Landmark.swift */; };
		E011F7E529BE0114007D0461 /* ModelData.swift in Sources */ = {isa = PBXBuildFile; fileRef = E011F7E429BE0114007D0461 /* ModelData.swift */; };
		E011F7EB29BE039A007D0461 /* LandmarkRow.swift in Sources */ = {isa = PBXBuildFile; fileRef = E011F7EA29BE039A007D0461 /* LandmarkRow.swift */; };
		E0BFD2A029BE086700EA18FD /* LandmarkList.swift in Sources */ = {isa = PBXBuildFile; fileRef = E0BFD29F29BE086700EA18FD /* LandmarkList.swift */; };
		E0BFD2A229BE0AF500EA18FD /* LandmarkDetail.swift in Sources */ = {isa = PBXBuildFile; fileRef = E0BFD2A129BE0AF500EA18FD /* LandmarkDetail.swift */; };
		E0FF892229BE2AA300A36876 /* ContentView.swift in Sources */ = {isa = PBXBuildFile; fileRef = E0FF892129BE2AA300A36876 /* ContentView.swift */; };
/* End PBXBuildFile section */

/* Begin PBXFileReference section */
		E000273529BCD48C0015F00D /* Landmarks.app */ = {isa = PBXFileReference; explicitFileType = wrapper.application; includeInIndex = 0; path = Landmarks.app; sourceTree = BUILT_PRODUCTS_DIR; };
		E000273829BCD48C0015F00D /* LandmarksApp.swift */ = {isa = PBXFileReference; lastKnownFileType = sourcecode.swift; path = LandmarksApp.swift; sourceTree = "<group>"; };
		E000273C29BCD48D0015F00D /* Assets.xcassets */ = {isa = PBXFileReference; lastKnownFileType = folder.assetcatalog; path = Assets.xcassets; sourceTree = "<group>"; };
		E000273F29BCD48D0015F00D /* Preview Assets.xcassets */ = {isa = PBXFileReference; lastKnownFileType = folder.assetcatalog; path = "Preview Assets.xcassets"; sourceTree = "<group>"; };
		E000274629BCDA570015F00D /* CircleImage.swift */ = {isa = PBXFileReference; lastKnownFileType = sourcecode.swift; path = CircleImage.swift; sourceTree = "<group>"; };
		E000274829BCDBD40015F00D /* MapView.swift */ = {isa = PBXFileReference; lastKnownFileType = sourcecode.swift; path = MapView.swift; sourceTree = "<group>"; };
		E011F7E029BDFD50007D0461 /* landmarkData.json */ = {isa = PBXFileReference; fileEncoding = 4; lastKnownFileType = text.json; path = landmarkData.json; sourceTree = "<group>"; };
		E011F7E229BDFD7A007D0461 /* Landmark.swift */ = {isa = PBXFileReference; lastKnownFileType = sourcecode.swift; path = Landmark.swift; sourceTree = "<group>"; };
		E011F7E429BE0114007D0461 /* ModelData.swift */ = {isa = PBXFileReference; lastKnownFileType = sourcecode.swift; path = ModelData.swift; sourceTree = "<group>"; };
		E011F7EA29BE039A007D0461 /* LandmarkRow.swift */ = {isa = PBXFileReference; lastKnownFileType = sourcecode.swift; path = LandmarkRow.swift; sourceTree = "<group>"; };
		E0BFD29F29BE086700EA18FD /* LandmarkList.swift */ = {isa = PBXFileReference; lastKnownFileType = sourcecode.swift; path = LandmarkList.swift; sourceTree = "<group>"; };
		E0BFD2A129BE0AF500EA18FD /* LandmarkDetail.swift */ = {isa = PBXFileReference; lastKnownFileType = sourcecode.swift; path = LandmarkDetail.swift; sourceTree = "<group>"; };
		E0FF892129BE2AA300A36876 /* ContentView.swift */ = {isa = PBXFileReference; lastKnownFileType = sourcecode.swift; path = ContentView.swift; sourceTree = "<group>"; };
/* End PBXFileReference section */

/* Begin PBXFrameworksBuildPhase section */
		E000273229BCD48C0015F00D /* Frameworks */ = {
			isa = PBXFrameworksBuildPhase;
			buildActionMask = 2147483647;
			files = (
			);
			runOnlyForDeploymentPostprocessing = 0;
		};
/* End PBXFrameworksBuildPhase section */

/* Begin PBXGroup section */
		E000272C29BCD48C0015F00D = {
			isa = PBXGroup;
			children = (
				E000273729BCD48C0015F00D /* Landmarks */,
				E000273C29BCD48D0015F00D /* Assets.xcassets */,
				E000273629BCD48C0015F00D /* Products */,
			);
			sourceTree = "<group>";
		};
		E000273629BCD48C0015F00D /* Products */ = {
			isa = PBXGroup;
			children = (
				E000273529BCD48C0015F00D /* Landmarks.app */,
			);
			name = Products;
			sourceTree = "<group>";
		};
		E000273729BCD48C0015F00D /* Landmarks */ = {
			isa = PBXGroup;
			children = (
				E000273E29BCD48D0015F00D /* Preview Content */,
				E000273829BCD48C0015F00D /* LandmarksApp.swift */,
				E011F7E629BE0290007D0461 /* Views */,
				E011F7E729BE02DF007D0461 /* Model */,
				E011F7E829BE0304007D0461 /* Resources */,
			);
			path = Landmarks;
			sourceTree = "<group>";
		};
		E000273E29BCD48D0015F00D /* Preview Content */ = {
			isa = PBXGroup;
			children = (
				E000273F29BCD48D0015F00D /* Preview Assets.xcassets */,
			);
			path = "Preview Content";
			sourceTree = "<group>";
		};
		E011F7E629BE0290007D0461 /* Views */ = {
			isa = PBXGroup;
			children = (
				E000274629BCDA570015F00D /* CircleImage.swift */,
				E000274829BCDBD40015F00D /* MapView.swift */,
				E011F7EA29BE039A007D0461 /* LandmarkRow.swift */,
				E0BFD29F29BE086700EA18FD /* LandmarkList.swift */,
				E0BFD2A129BE0AF500EA18FD /* LandmarkDetail.swift */,
				E0FF892129BE2AA300A36876 /* ContentView.swift */,
			);
			path = Views;
			sourceTree = "<group>";
		};
		E011F7E729BE02DF007D0461 /* Model */ = {
			isa = PBXGroup;
			children = (
				E011F7E229BDFD7A007D0461 /* Landmark.swift */,
				E011F7E429BE0114007D0461 /* ModelData.swift */,
			);
			path = Model;
			sourceTree = "<group>";
		};
		E011F7E829BE0304007D0461 /* Resources */ = {
			isa = PBXGroup;
			children = (
				E011F7E029BDFD50007D0461 /* landmarkData.json */,
			);
			path = Resources;
			sourceTree = "<group>";
		};
/* End PBXGroup section */

/* Begin PBXNativeTarget section */
		E000273429BCD48C0015F00D /* Landmarks */ = {
			isa = PBXNativeTarget;
			buildConfigurationList = E000274329BCD48D0015F00D /* Build configuration list for PBXNativeTarget "Landmarks" */;
			buildPhases = (
				E000273129BCD48C0015F00D /* Sources */,
				E000273229BCD48C0015F00D /* Frameworks */,
				E000273329BCD48C0015F00D /* Resources */,
			);
			buildRules = (
			);
			dependencies = (
			);
			name = Landmarks;
			productName = Landmarks;
			productReference = E000273529BCD48C0015F00D /* Landmarks.app */;
			productType = "com.apple.product-type.application";
		};
/* End PBXNativeTarget section */

/* Begin PBXProject section */
		E000272D29BCD48C0015F00D /* Project object */ = {
			isa = PBXProject;
			attributes = {
				BuildIndependentTargetsInParallel = 1;
				LastSwiftUpdateCheck = 1420;
				LastUpgradeCheck = 1420;
				TargetAttributes = {
					E000273429BCD48C0015F00D = {
						CreatedOnToolsVersion = 14.2;
					};
				};
			};
			buildConfigurationList = E000273029BCD48C0015F00D /* Build configuration list for PBXProject "Landmarks" */;
			compatibilityVersion = "Xcode 14.0";
			developmentRegion = en;
			hasScannedForEncodings = 0;
			knownRegions = (
				en,
				Base,
			);
			mainGroup = E000272C29BCD48C0015F00D;
			productRefGroup = E000273629BCD48C0015F00D /* Products */;
			projectDirPath = "";
			projectRoot = "";
			targets = (
				E000273429BCD48C0015F00D /* Landmarks */,
			);
		};
/* End PBXProject section */

/* Begin PBXResourcesBuildPhase section */
		E000273329BCD48C0015F00D /* Resources */ = {
			isa = PBXResourcesBuildPhase;
			buildActionMask = 2147483647;
			files = (
				E000274029BCD48D0015F00D /* Preview Assets.xcassets in Resources */,
				E000273D29BCD48D0015F00D /* Assets.xcassets in Resources */,
				E011F7E129BDFD50007D0461 /* landmarkData.json in Resources */,
			);
			runOnlyForDeploymentPostprocessing = 0;
		};
/* End PBXResourcesBuildPhase section */

/* Begin PBXSourcesBuildPhase section */
		E000273129BCD48C0015F00D /* Sources */ = {
			isa = PBXSourcesBuildPhase;
			buildActionMask = 2147483647;
			files = (
				E000274929BCDBD40015F00D /* MapView.swift in Sources */,
				E000273929BCD48C0015F00D /* LandmarksApp.swift in Sources */,
				E0BFD2A029BE086700EA18FD /* LandmarkList.swift in Sources */,
				E0BFD2A229BE0AF500EA18FD /* LandmarkDetail.swift in Sources */,
				E000274729BCDA570015F00D /* CircleImage.swift in Sources */,
				E0FF892229BE2AA300A36876 /* ContentView.swift in Sources */,
				E011F7E329BDFD7A007D0461 /* Landmark.swift in Sources */,
				E011F7EB29BE039A007D0461 /* LandmarkRow.swift in Sources */,
				E011F7E529BE0114007D0461 /* ModelData.swift in Sources */,
			);
			runOnlyForDeploymentPostprocessing = 0;
		};
/* End PBXSourcesBuildPhase section */

/* Begin XCBuildConfiguration section */
		E000274129BCD48D0015F00D /* Debug */ = {
			isa = XCBuildConfiguration;
			buildSettings = {
				ALWAYS_SEARCH_USER_PATHS = NO;
				CLANG_ANALYZER_NONNULL = YES;
				CLANG_ANALYZER_NUMBER_OBJECT_CONVERSION = YES_AGGRESSIVE;
				CLANG_CXX_LANGUAGE_STANDARD = "gnu++20";
				CLANG_ENABLE_MODULES = YES;
				CLANG_ENABLE_OBJC_ARC = YES;
				CLANG_ENABLE_OBJC_WEAK = YES;
				CLANG_WARN_BLOCK_CAPTURE_AUTORELEASING = YES;
				CLANG_WARN_BOOL_CONVERSION = YES;
				CLANG_WARN_COMMA = YES;
				CLANG_WARN_CONSTANT_CONVERSION = YES;
				CLANG_WARN_DEPRECATED_OBJC_IMPLEMENTATIONS = YES;
				CLANG_WARN_DIRECT_OBJC_ISA_USAGE = YES_ERROR;
				CLANG_WARN_DOCUMENTATION_COMMENTS = YES;
				CLANG_WARN_EMPTY_BODY = YES;
				CLANG_WARN_ENUM_CONVERSION = YES;
				CLANG_WARN_INFINITE_RECURSION = YES;
				CLANG_WARN_INT_CONVERSION = YES;
				CLANG_WARN_NON_LITERAL_NULL_CONVERSION = YES;
				CLANG_WARN_OBJC_IMPLICIT_RETAIN_SELF = YES;
				CLANG_WARN_OBJC_LITERAL_CONVERSION = YES;
				CLANG_WARN_OBJC_ROOT_CLASS = YES_ERROR;
				CLANG_WARN_QUOTED_INCLUDE_IN_FRAMEWORK_HEADER = YES;
				CLANG_WARN_RANGE_LOOP_ANALYSIS = YES;
				CLANG_WARN_STRICT_PROTOTYPES = YES;
				CLANG_WARN_SUSPICIOUS_MOVE = YES;
				CLANG_WARN_UNGUARDED_AVAILABILITY = YES_AGGRESSIVE;
				CLANG_WARN_UNREACHABLE_CODE = YES;
				CLANG_WARN__DUPLICATE_METHOD_MATCH = YES;
				COPY_PHASE_STRIP = NO;
				DEBUG_INFORMATION_FORMAT = dwarf;
				ENABLE_STRICT_OBJC_MSGSEND = YES;
				ENABLE_TESTABILITY = YES;
				GCC_C_LANGUAGE_STANDARD = gnu11;
				GCC_DYNAMIC_NO_PIC = NO;
				GCC_NO_COMMON_BLOCKS = YES;
				GCC_OPTIMIZATION_LEVEL = 0;
				GCC_PREPROCESSOR_DEFINITIONS = (
					"DEBUG=1",
					"$(inherited)",
				);
				GCC_WARN_64_TO_32_BIT_CONVERSION = YES;
				GCC_WARN_ABOUT_RETURN_TYPE = YES_ERROR;
				GCC_WARN_UNDECLARED_SELECTOR = YES;
				GCC_WARN_UNINITIALIZED_AUTOS = YES_AGGRESSIVE;
				GCC_WARN_UNUSED_FUNCTION = YES;
				GCC_WARN_UNUSED_VARIABLE = YES;
				IPHONEOS_DEPLOYMENT_TARGET = 16.2;
				MTL_ENABLE_DEBUG_INFO = INCLUDE_SOURCE;
				MTL_FAST_MATH = YES;
				ONLY_ACTIVE_ARCH = YES;
				SDKROOT = iphoneos;
				SWIFT_ACTIVE_COMPILATION_CONDITIONS = DEBUG;
				SWIFT_OPTIMIZATION_LEVEL = "-Onone";
			};
			name = Debug;
		};
		E000274229BCD48D0015F00D /* Release */ = {
			isa = XCBuildConfiguration;
			buildSettings = {
				ALWAYS_SEARCH_USER_PATHS = NO;
				CLANG_ANALYZER_NONNULL = YES;
				CLANG_ANALYZER_NUMBER_OBJECT_CONVERSION = YES_AGGRESSIVE;
				CLANG_CXX_LANGUAGE_STANDARD = "gnu++20";
				CLANG_ENABLE_MODULES = YES;
				CLANG_ENABLE_OBJC_ARC = YES;
				CLANG_ENABLE_OBJC_WEAK = YES;
				CLANG_WARN_BLOCK_CAPTURE_AUTORELEASING = YES;
				CLANG_WARN_BOOL_CONVERSION = YES;
				CLANG_WARN_COMMA = YES;
				CLANG_WARN_CONSTANT_CONVERSION = YES;
				CLANG_WARN_DEPRECATED_OBJC_IMPLEMENTATIONS = YES;
				CLANG_WARN_DIRECT_OBJC_ISA_USAGE = YES_ERROR;
				CLANG_WARN_DOCUMENTATION_COMMENTS = YES;
				CLANG_WARN_EMPTY_BODY = YES;
				CLANG_WARN_ENUM_CONVERSION = YES;
				CLANG_WARN_INFINITE_RECURSION = YES;
				CLANG_WARN_INT_CONVERSION = YES;
				CLANG_WARN_NON_LITERAL_NULL_CONVERSION = YES;
				CLANG_WARN_OBJC_IMPLICIT_RETAIN_SELF = YES;
				CLANG_WARN_OBJC_LITERAL_CONVERSION = YES;
				CLANG_WARN_OBJC_ROOT_CLASS = YES_ERROR;
				CLANG_WARN_QUOTED_INCLUDE_IN_FRAMEWORK_HEADER = YES;
				CLANG_WARN_RANGE_LOOP_ANALYSIS = YES;
				CLANG_WARN_STRICT_PROTOTYPES = YES;
				CLANG_WARN_SUSPICIOUS_MOVE = YES;
				CLANG_WARN_UNGUARDED_AVAILABILITY = YES_AGGRESSIVE;
				CLANG_WARN_UNREACHABLE_CODE = YES;
				CLANG_WARN__DUPLICATE_METHOD_MATCH = YES;
				COPY_PHASE_STRIP = NO;
				DEBUG_INFORMATION_FORMAT = "dwarf-with-dsym";
				ENABLE_NS_ASSERTIONS = NO;
				ENABLE_STRICT_OBJC_MSGSEND = YES;
				GCC_C_LANGUAGE_STANDARD = gnu11;
				GCC_NO_COMMON_BLOCKS = YES;
				GCC_WARN_64_TO_32_BIT_CONVERSION = YES;
				GCC_WARN_ABOUT_RETURN_TYPE = YES_ERROR;
				GCC_WARN_UNDECLARED_SELECTOR = YES;
				GCC_WARN_UNINITIALIZED_AUTOS = YES_AGGRESSIVE;
				GCC_WARN_UNUSED_FUNCTION = YES;
				GCC_WARN_UNUSED_VARIABLE = YES;
				IPHONEOS_DEPLOYMENT_TARGET = 16.2;
				MTL_ENABLE_DEBUG_INFO = NO;
				MTL_FAST_MATH = YES;
				SDKROOT = iphoneos;
				SWIFT_COMPILATION_MODE = wholemodule;
				SWIFT_OPTIMIZATION_LEVEL = "-O";
				VALIDATE_PRODUCT = YES;
			};
			name = Release;
		};
		E000274429BCD48D0015F00D /* Debug */ = {
			isa = XCBuildConfiguration;
			buildSettings = {
				ASSETCATALOG_COMPILER_APPICON_NAME = AppIcon;
				ASSETCATALOG_COMPILER_GLOBAL_ACCENT_COLOR_NAME = AccentColor;
				CODE_SIGN_STYLE = Automatic;
				CURRENT_PROJECT_VERSION = 1;
				DEVELOPMENT_ASSET_PATHS = "\"Landmarks/Preview Content\"";
				DEVELOPMENT_TEAM = 974NDPCT7H;
				ENABLE_PREVIEWS = YES;
				GENERATE_INFOPLIST_FILE = YES;
				INFOPLIST_KEY_UIApplicationSceneManifest_Generation = YES;
				INFOPLIST_KEY_UIApplicationSupportsIndirectInputEvents = YES;
				INFOPLIST_KEY_UILaunchScreen_Generation = YES;
				INFOPLIST_KEY_UISupportedInterfaceOrientations_iPad = "UIInterfaceOrientationPortrait UIInterfaceOrientationPortraitUpsideDown UIInterfaceOrientationLandscapeLeft UIInterfaceOrientationLandscapeRight";
				INFOPLIST_KEY_UISupportedInterfaceOrientations_iPhone = "UIInterfaceOrientationPortrait UIInterfaceOrientationLandscapeLeft UIInterfaceOrientationLandscapeRight";
				LD_RUNPATH_SEARCH_PATHS = (
					"$(inherited)",
					"@executable_path/Frameworks",
				);
				MARKETING_VERSION = 1.0;
				PRODUCT_BUNDLE_IDENTIFIER = com.prmcoding.Landmarks;
				PRODUCT_NAME = "$(TARGET_NAME)";
				SWIFT_EMIT_LOC_STRINGS = YES;
				SWIFT_VERSION = 5.0;
				TARGETED_DEVICE_FAMILY = "1,2";
			};
			name = Debug;
		};
		E000274529BCD48D0015F00D /* Release */ = {
			isa = XCBuildConfiguration;
			buildSettings = {
				ASSETCATALOG_COMPILER_APPICON_NAME = AppIcon;
				ASSETCATALOG_COMPILER_GLOBAL_ACCENT_COLOR_NAME = AccentColor;
				CODE_SIGN_STYLE = Automatic;
				CURRENT_PROJECT_VERSION = 1;
				DEVELOPMENT_ASSET_PATHS = "\"Landmarks/Preview Content\"";
				DEVELOPMENT_TEAM = 974NDPCT7H;
				ENABLE_PREVIEWS = YES;
				GENERATE_INFOPLIST_FILE = YES;
				INFOPLIST_KEY_UIApplicationSceneManifest_Generation = YES;
				INFOPLIST_KEY_UIApplicationSupportsIndirectInputEvents = YES;
				INFOPLIST_KEY_UILaunchScreen_Generation = YES;
				INFOPLIST_KEY_UISupportedInterfaceOrientations_iPad = "UIInterfaceOrientationPortrait UIInterfaceOrientationPortraitUpsideDown UIInterfaceOrientationLandscapeLeft UIInterfaceOrientationLandscapeRight";
				INFOPLIST_KEY_UISupportedInterfaceOrientations_iPhone = "UIInterfaceOrientationPortrait UIInterfaceOrientationLandscapeLeft UIInterfaceOrientationLandscapeRight";
				LD_RUNPATH_SEARCH_PATHS = (
					"$(inherited)",
					"@executable_path/Frameworks",
				);
				MARKETING_VERSION = 1.0;
				PRODUCT_BUNDLE_IDENTIFIER = com.prmcoding.Landmarks;
				PRODUCT_NAME = "$(TARGET_NAME)";
				SWIFT_EMIT_LOC_STRINGS = YES;
				SWIFT_VERSION = 5.0;
				TARGETED_DEVICE_FAMILY = "1,2";
			};
			name = Release;
		};
/* End XCBuildConfiguration section */

/* Begin XCConfigurationList section */
		E000273029BCD48C0015F00D /* Build configuration list for PBXProject "Landmarks" */ = {
			isa = XCConfigurationList;
			buildConfigurations = (
				E000274129BCD48D0015F00D /* Debug */,
				E000274229BCD48D0015F00D /* Release */,
			);
			defaultConfigurationIsVisible = 0;
			defaultConfigurationName = Release;
		};
		E000274329BCD48D0015F00D /* Build configuration list for PBXNativeTarget "Landmarks" */ = {
			isa = XCConfigurationList;
			buildConfigurations = (
				E000274429BCD48D0015F00D /* Debug */,
				E000274529BCD48D0015F00D /* Release */,
			);
			defaultConfigurationIsVisible = 0;
			defaultConfigurationName = Release;
		};
/* End XCConfigurationList section */
	};
	rootObject = E000272D29BCD48C0015F00D /* Project object */;
}
